
Microsoft Visual Studio Solution File, Format Version 12.00
# Visual Studio Version 17
VisualStudioVersion = 17.9.34607.119
MinimumVisualStudioVersion = 10.0.40219.1
Project("{9A19103F-16F7-4668-BE54-9A1E7A4F7556}") = "szachy_console_No_xaml", "szachy_console_No_xaml.csproj", "{99331A2F-02E3-48C7-93A1-62199288638F}"
EndProject
Global
	GlobalSection(SolutionConfigurationPlatforms) = preSolution
		Debug|Any CPU = Debug|Any CPU
		Release|Any CPU = Release|Any CPU
	EndGlobalSection
	GlobalSection(ProjectConfigurationPlatforms) = postSolution
		{99331A2F-02E3-48C7-93A1-62199288638F}.Debug|Any CPU.ActiveCfg = Debug|Any CPU
		{99331A2F-02E3-48C7-93A1-62199288638F}.Debug|Any CPU.Build.0 = Debug|Any CPU
		{99331A2F-02E3-48C7-93A1-62199288638F}.Release|Any CPU.ActiveCfg = Release|Any CPU
		{99331A2F-02E3-48C7-93A1-62199288638F}.Release|Any CPU.Build.0 = Release|Any CPU
	EndGlobalSection
	GlobalSection(SolutionProperties) = preSolution
		HideSolutionNode = FALSE
	EndGlobalSection
	GlobalSection(ExtensibilityGlobals) = postSolution
		SolutionGuid = {9232CBA0-55BC-4CB5-97ED-4A82F6098EAB}
	EndGlobalSection
EndGlobal
